
Microsoft Visual Studio Solution File, Format Version 12.00
# Visual Studio Version 17
VisualStudioVersion = 17.7.34202.233
MinimumVisualStudioVersion = 10.0.40219.1
Project("{FAE04EC0-301F-11D3-BF4B-00C04F79EFBC}") = "TestingTuskDelivery", "TestingTuskDelivery\TestingTuskDelivery.csproj", "{5E6082CA-C7F8-45B8-A0E0-F26B86A6A497}"
EndProject
Project("{FAE04EC0-301F-11D3-BF4B-00C04F79EFBC}") = "TestingTuskDeliveryUnitTest", "TestingTuskDeliveryUnitTest\TestingTuskDeliveryUnitTest.csproj", "{582CFF36-8E4F-471A-B14D-50778B86D1E2}"
	ProjectSection(ProjectDependencies) = postProject
		{5E6082CA-C7F8-45B8-A0E0-F26B86A6A497} = {5E6082CA-C7F8-45B8-A0E0-F26B86A6A497}
	EndProjectSection
EndProject
Global
	GlobalSection(SolutionConfigurationPlatforms) = preSolution
		Debug|Any CPU = Debug|Any CPU
		Release|Any CPU = Release|Any CPU
	EndGlobalSection
	GlobalSection(ProjectConfigurationPlatforms) = postSolution
		{5E6082CA-C7F8-45B8-A0E0-F26B86A6A497}.Debug|Any CPU.ActiveCfg = Debug|Any CPU
		{5E6082CA-C7F8-45B8-A0E0-F26B86A6A497}.Debug|Any CPU.Build.0 = Debug|Any CPU
		{5E6082CA-C7F8-45B8-A0E0-F26B86A6A497}.Release|Any CPU.ActiveCfg = Release|Any CPU
		{5E6082CA-C7F8-45B8-A0E0-F26B86A6A497}.Release|Any CPU.Build.0 = Release|Any CPU
		{582CFF36-8E4F-471A-B14D-50778B86D1E2}.Debug|Any CPU.ActiveCfg = Debug|Any CPU
		{582CFF36-8E4F-471A-B14D-50778B86D1E2}.Debug|Any CPU.Build.0 = Debug|Any CPU
		{582CFF36-8E4F-471A-B14D-50778B86D1E2}.Release|Any CPU.ActiveCfg = Release|Any CPU
		{582CFF36-8E4F-471A-B14D-50778B86D1E2}.Release|Any CPU.Build.0 = Release|Any CPU
	EndGlobalSection
	GlobalSection(SolutionProperties) = preSolution
		HideSolutionNode = FALSE
	EndGlobalSection
	GlobalSection(ExtensibilityGlobals) = postSolution
		SolutionGuid = {6E59B072-F780-4CE7-8181-0437D9928C5C}
	EndGlobalSection
EndGlobal
